// !$*UTF8*$!
{
	archiveVersion = 1;
	classes = {
	};
	objectVersion = 46;
	objects = {

/* Begin PBXBuildFile section */
		62E5CF0E1BDDE19100A99F4C /* AppDelegate.swift in Sources */ = {isa = PBXBuildFile; fileRef = 62E5CF0D1BDDE19100A99F4C /* AppDelegate.swift */; };
		62E5CF101BDDE19100A99F4C /* FirstViewController.swift in Sources */ = {isa = PBXBuildFile; fileRef = 62E5CF0F1BDDE19100A99F4C /* FirstViewController.swift */; };
		62E5CF121BDDE19100A99F4C /* SecondViewController.swift in Sources */ = {isa = PBXBuildFile; fileRef = 62E5CF111BDDE19100A99F4C /* SecondViewController.swift */; };
		62E5CF151BDDE19100A99F4C /* Main.storyboard in Resources */ = {isa = PBXBuildFile; fileRef = 62E5CF131BDDE19100A99F4C /* Main.storyboard */; };
		62E5CF1A1BDDE19100A99F4C /* LaunchScreen.storyboard in Resources */ = {isa = PBXBuildFile; fileRef = 62E5CF181BDDE19100A99F4C /* LaunchScreen.storyboard */; };
		62E5CF251BDDE19100A99F4C /* BEONETests.swift in Sources */ = {isa = PBXBuildFile; fileRef = 62E5CF241BDDE19100A99F4C /* BEONETests.swift */; };
		62E5CF381BDDEE7100A99F4C /* NetworkHelper.swift in Sources */ = {isa = PBXBuildFile; fileRef = 62E5CF361BDDEE7100A99F4C /* NetworkHelper.swift */; settings = {ASSET_TAGS = (); }; };
		62E5CF391BDDEE7100A99F4C /* NetworkError.swift in Sources */ = {isa = PBXBuildFile; fileRef = 62E5CF371BDDEE7100A99F4C /* NetworkError.swift */; settings = {ASSET_TAGS = (); }; };
		62E5CF3F1BDDFF3F00A99F4C /* Model.xcdatamodeld in Sources */ = {isa = PBXBuildFile; fileRef = 62E5CF3D1BDDFF3F00A99F4C /* Model.xcdatamodeld */; settings = {ASSET_TAGS = (); }; };
		62E5CF421BDE0CBC00A99F4C /* MyInfo+CoreDataProperties.swift in Sources */ = {isa = PBXBuildFile; fileRef = 62E5CF401BDE0CBC00A99F4C /* MyInfo+CoreDataProperties.swift */; settings = {ASSET_TAGS = (); }; };
		62E5CF431BDE0CBC00A99F4C /* MyInfo.swift in Sources */ = {isa = PBXBuildFile; fileRef = 62E5CF411BDE0CBC00A99F4C /* MyInfo.swift */; settings = {ASSET_TAGS = (); }; };
		62E5CF451BDE108900A99F4C /* CoreDataHelper.swift in Sources */ = {isa = PBXBuildFile; fileRef = 62E5CF441BDE108900A99F4C /* CoreDataHelper.swift */; settings = {ASSET_TAGS = (); }; };
		62E5CF481BDE21C100A99F4C /* AuthenticationHelper.swift in Sources */ = {isa = PBXBuildFile; fileRef = 62E5CF471BDE21C100A99F4C /* AuthenticationHelper.swift */; settings = {ASSET_TAGS = (); }; };
		62FA804F1BDFE0C000C016C3 /* SignInViewController.swift in Sources */ = {isa = PBXBuildFile; fileRef = 62FA804E1BDFE0C000C016C3 /* SignInViewController.swift */; settings = {ASSET_TAGS = (); }; };
		62FA80511BDFE3CA00C016C3 /* LoadingView.swift in Sources */ = {isa = PBXBuildFile; fileRef = 62FA80501BDFE3CA00C016C3 /* LoadingView.swift */; settings = {ASSET_TAGS = (); }; };
		62FC6E8E1BDF3FD70071E1B1 /* Signing.storyboard in Resources */ = {isa = PBXBuildFile; fileRef = 62FC6E8D1BDF3FD70071E1B1 /* Signing.storyboard */; settings = {ASSET_TAGS = (); }; };
		62FC6E921BDF40AC0071E1B1 /* BaseViewController.swift in Sources */ = {isa = PBXBuildFile; fileRef = 62FC6E911BDF40AC0071E1B1 /* BaseViewController.swift */; settings = {ASSET_TAGS = (); }; };
		62FC6E941BDF41550071E1B1 /* SigningViewController.swift in Sources */ = {isa = PBXBuildFile; fileRef = 62FC6E931BDF41550071E1B1 /* SigningViewController.swift */; settings = {ASSET_TAGS = (); }; };
		62FC6E971BDF47160071E1B1 /* ViewControllerHelper.swift in Sources */ = {isa = PBXBuildFile; fileRef = 62FC6E961BDF47160071E1B1 /* ViewControllerHelper.swift */; settings = {ASSET_TAGS = (); }; };
		62FC6E991BDF4FF50071E1B1 /* Localizable.strings in Resources */ = {isa = PBXBuildFile; fileRef = 62FC6E981BDF4FF50071E1B1 /* Localizable.strings */; settings = {ASSET_TAGS = (); }; };
		62FC6E9D1BDF53210071E1B1 /* FBSDKCoreKit.framework in Frameworks */ = {isa = PBXBuildFile; fileRef = 62FC6E9C1BDF53210071E1B1 /* FBSDKCoreKit.framework */; settings = {ASSET_TAGS = (); }; };
		62FC6E9F1BDF55240071E1B1 /* FBSDKLoginKit.framework in Frameworks */ = {isa = PBXBuildFile; fileRef = 62FC6E9E1BDF55240071E1B1 /* FBSDKLoginKit.framework */; settings = {ASSET_TAGS = (); }; };
		62FC6EA11BDF5E200071E1B1 /* SnsSignUpViewController.swift in Sources */ = {isa = PBXBuildFile; fileRef = 62FC6EA01BDF5E200071E1B1 /* SnsSignUpViewController.swift */; settings = {ASSET_TAGS = (); }; };
		62FC6EA31BDF69370071E1B1 /* StringFormatter.swift in Sources */ = {isa = PBXBuildFile; fileRef = 62FC6EA21BDF69370071E1B1 /* StringFormatter.swift */; settings = {ASSET_TAGS = (); }; };
		62FC6EA51BDF72F60071E1B1 /* Images.xcassets in Resources */ = {isa = PBXBuildFile; fileRef = 62FC6EA41BDF72F60071E1B1 /* Images.xcassets */; settings = {ASSET_TAGS = (); }; };
		62FC6EAE1BDF73260071E1B1 /* welcome_1.jpg in Resources */ = {isa = PBXBuildFile; fileRef = 62FC6EA71BDF73260071E1B1 /* welcome_1.jpg */; settings = {ASSET_TAGS = (); }; };
		62FC6EAF1BDF73260071E1B1 /* welcome_2.jpg in Resources */ = {isa = PBXBuildFile; fileRef = 62FC6EA81BDF73260071E1B1 /* welcome_2.jpg */; settings = {ASSET_TAGS = (); }; };
		62FC6EB01BDF73260071E1B1 /* welcome_3.jpg in Resources */ = {isa = PBXBuildFile; fileRef = 62FC6EA91BDF73260071E1B1 /* welcome_3.jpg */; settings = {ASSET_TAGS = (); }; };
		62FC6EB11BDF73260071E1B1 /* bg_payment.jpg in Resources */ = {isa = PBXBuildFile; fileRef = 62FC6EAA1BDF73260071E1B1 /* bg_payment.jpg */; settings = {ASSET_TAGS = (); }; };
		62FC6EB21BDF73260071E1B1 /* bg_orderhistory_top.jpg in Resources */ = {isa = PBXBuildFile; fileRef = 62FC6EAB1BDF73260071E1B1 /* bg_orderhistory_top.jpg */; settings = {ASSET_TAGS = (); }; };
		62FC6EB31BDF73260071E1B1 /* bg_join_detail.jpg in Resources */ = {isa = PBXBuildFile; fileRef = 62FC6EAC1BDF73260071E1B1 /* bg_join_detail.jpg */; settings = {ASSET_TAGS = (); }; };
		62FC6EB41BDF73260071E1B1 /* bg_join.jpg in Resources */ = {isa = PBXBuildFile; fileRef = 62FC6EAD1BDF73260071E1B1 /* bg_join.jpg */; settings = {ASSET_TAGS = (); }; };
		62FDC3821BDFB8380072BBCE /* KakaoOpenSDK.framework in Frameworks */ = {isa = PBXBuildFile; fileRef = 62FDC3811BDFB8380072BBCE /* KakaoOpenSDK.framework */; settings = {ASSET_TAGS = (); }; };
		62FDC3841BDFC0770072BBCE /* SignUpViewController.swift in Sources */ = {isa = PBXBuildFile; fileRef = 62FDC3831BDFC0770072BBCE /* SignUpViewController.swift */; settings = {ASSET_TAGS = (); }; };
		62FDC3881BDFC0F30072BBCE /* UIFloatLabelTextField.m in Sources */ = {isa = PBXBuildFile; fileRef = 62FDC3871BDFC0F30072BBCE /* UIFloatLabelTextField.m */; settings = {ASSET_TAGS = (); }; };
		62FDC38A1BDFC1780072BBCE /* DesignResource.swift in Sources */ = {isa = PBXBuildFile; fileRef = 62FDC3891BDFC1780072BBCE /* DesignResource.swift */; settings = {ASSET_TAGS = (); }; };
		ECEBF497FC79F916A2DD9E6F /* Pods_BEONE.framework in Frameworks */ = {isa = PBXBuildFile; fileRef = 4F1038EC9624A56E3E9D407B /* Pods_BEONE.framework */; };
/* End PBXBuildFile section */

/* Begin PBXContainerItemProxy section */
		62E5CF211BDDE19100A99F4C /* PBXContainerItemProxy */ = {
			isa = PBXContainerItemProxy;
			containerPortal = 62E5CF021BDDE19100A99F4C /* Project object */;
			proxyType = 1;
			remoteGlobalIDString = 62E5CF091BDDE19100A99F4C;
			remoteInfo = BEONE;
		};
/* End PBXContainerItemProxy section */

/* Begin PBXFileReference section */
		04FC2C834CC415EBBA82B36E /* Pods-BEONE.debug.xcconfig */ = {isa = PBXFileReference; includeInIndex = 1; lastKnownFileType = text.xcconfig; name = "Pods-BEONE.debug.xcconfig"; path = "Pods/Target Support Files/Pods-BEONE/Pods-BEONE.debug.xcconfig"; sourceTree = "<group>"; };
		3AA36593DD13744C71A2C68B /* Pods-BEONE.release.xcconfig */ = {isa = PBXFileReference; includeInIndex = 1; lastKnownFileType = text.xcconfig; name = "Pods-BEONE.release.xcconfig"; path = "Pods/Target Support Files/Pods-BEONE/Pods-BEONE.release.xcconfig"; sourceTree = "<group>"; };
		4F1038EC9624A56E3E9D407B /* Pods_BEONE.framework */ = {isa = PBXFileReference; explicitFileType = wrapper.framework; includeInIndex = 0; path = Pods_BEONE.framework; sourceTree = BUILT_PRODUCTS_DIR; };
		62E5CF0A1BDDE19100A99F4C /* BEONE.app */ = {isa = PBXFileReference; explicitFileType = wrapper.application; includeInIndex = 0; path = BEONE.app; sourceTree = BUILT_PRODUCTS_DIR; };
		62E5CF0D1BDDE19100A99F4C /* AppDelegate.swift */ = {isa = PBXFileReference; lastKnownFileType = sourcecode.swift; path = AppDelegate.swift; sourceTree = "<group>"; };
		62E5CF0F1BDDE19100A99F4C /* FirstViewController.swift */ = {isa = PBXFileReference; lastKnownFileType = sourcecode.swift; path = FirstViewController.swift; sourceTree = "<group>"; };
		62E5CF111BDDE19100A99F4C /* SecondViewController.swift */ = {isa = PBXFileReference; lastKnownFileType = sourcecode.swift; path = SecondViewController.swift; sourceTree = "<group>"; };
		62E5CF141BDDE19100A99F4C /* Base */ = {isa = PBXFileReference; lastKnownFileType = file.storyboard; name = Base; path = Base.lproj/Main.storyboard; sourceTree = "<group>"; };
		62E5CF191BDDE19100A99F4C /* Base */ = {isa = PBXFileReference; lastKnownFileType = file.storyboard; name = Base; path = Base.lproj/LaunchScreen.storyboard; sourceTree = "<group>"; };
		62E5CF1B1BDDE19100A99F4C /* Info.plist */ = {isa = PBXFileReference; lastKnownFileType = text.plist.xml; path = Info.plist; sourceTree = "<group>"; };
		62E5CF201BDDE19100A99F4C /* BEONETests.xctest */ = {isa = PBXFileReference; explicitFileType = wrapper.cfbundle; includeInIndex = 0; path = BEONETests.xctest; sourceTree = BUILT_PRODUCTS_DIR; };
		62E5CF241BDDE19100A99F4C /* BEONETests.swift */ = {isa = PBXFileReference; lastKnownFileType = sourcecode.swift; path = BEONETests.swift; sourceTree = "<group>"; };
		62E5CF261BDDE19100A99F4C /* Info.plist */ = {isa = PBXFileReference; lastKnownFileType = text.plist.xml; path = Info.plist; sourceTree = "<group>"; };
		62E5CF361BDDEE7100A99F4C /* NetworkHelper.swift */ = {isa = PBXFileReference; fileEncoding = 4; lastKnownFileType = sourcecode.swift; path = NetworkHelper.swift; sourceTree = "<group>"; };
		62E5CF371BDDEE7100A99F4C /* NetworkError.swift */ = {isa = PBXFileReference; fileEncoding = 4; lastKnownFileType = sourcecode.swift; path = NetworkError.swift; sourceTree = "<group>"; };
		62E5CF3E1BDDFF3F00A99F4C /* Model.xcdatamodel */ = {isa = PBXFileReference; lastKnownFileType = wrapper.xcdatamodel; path = Model.xcdatamodel; sourceTree = "<group>"; };
		62E5CF401BDE0CBC00A99F4C /* MyInfo+CoreDataProperties.swift */ = {isa = PBXFileReference; fileEncoding = 4; lastKnownFileType = sourcecode.swift; path = "MyInfo+CoreDataProperties.swift"; sourceTree = "<group>"; };
		62E5CF411BDE0CBC00A99F4C /* MyInfo.swift */ = {isa = PBXFileReference; fileEncoding = 4; lastKnownFileType = sourcecode.swift; path = MyInfo.swift; sourceTree = "<group>"; };
		62E5CF441BDE108900A99F4C /* CoreDataHelper.swift */ = {isa = PBXFileReference; fileEncoding = 4; lastKnownFileType = sourcecode.swift; path = CoreDataHelper.swift; sourceTree = "<group>"; };
		62E5CF471BDE21C100A99F4C /* AuthenticationHelper.swift */ = {isa = PBXFileReference; fileEncoding = 4; lastKnownFileType = sourcecode.swift; path = AuthenticationHelper.swift; sourceTree = "<group>"; };
		62FA804E1BDFE0C000C016C3 /* SignInViewController.swift */ = {isa = PBXFileReference; fileEncoding = 4; lastKnownFileType = sourcecode.swift; path = SignInViewController.swift; sourceTree = "<group>"; };
		62FA80501BDFE3CA00C016C3 /* LoadingView.swift */ = {isa = PBXFileReference; fileEncoding = 4; lastKnownFileType = sourcecode.swift; path = LoadingView.swift; sourceTree = "<group>"; };
		62FC6E8D1BDF3FD70071E1B1 /* Signing.storyboard */ = {isa = PBXFileReference; fileEncoding = 4; lastKnownFileType = file.storyboard; path = Signing.storyboard; sourceTree = "<group>"; };
		62FC6E911BDF40AC0071E1B1 /* BaseViewController.swift */ = {isa = PBXFileReference; fileEncoding = 4; lastKnownFileType = sourcecode.swift; path = BaseViewController.swift; sourceTree = "<group>"; };
		62FC6E931BDF41550071E1B1 /* SigningViewController.swift */ = {isa = PBXFileReference; fileEncoding = 4; lastKnownFileType = sourcecode.swift; path = SigningViewController.swift; sourceTree = "<group>"; };
		62FC6E961BDF47160071E1B1 /* ViewControllerHelper.swift */ = {isa = PBXFileReference; fileEncoding = 4; lastKnownFileType = sourcecode.swift; path = ViewControllerHelper.swift; sourceTree = "<group>"; };
		62FC6E981BDF4FF50071E1B1 /* Localizable.strings */ = {isa = PBXFileReference; fileEncoding = 4; lastKnownFileType = text.plist.strings; path = Localizable.strings; sourceTree = "<group>"; };
		62FC6E9C1BDF53210071E1B1 /* FBSDKCoreKit.framework */ = {isa = PBXFileReference; lastKnownFileType = wrapper.framework; path = FBSDKCoreKit.framework; sourceTree = "<group>"; };
		62FC6E9E1BDF55240071E1B1 /* FBSDKLoginKit.framework */ = {isa = PBXFileReference; lastKnownFileType = wrapper.framework; path = FBSDKLoginKit.framework; sourceTree = "<group>"; };
		62FC6EA01BDF5E200071E1B1 /* SnsSignUpViewController.swift */ = {isa = PBXFileReference; fileEncoding = 4; lastKnownFileType = sourcecode.swift; path = SnsSignUpViewController.swift; sourceTree = "<group>"; };
		62FC6EA21BDF69370071E1B1 /* StringFormatter.swift */ = {isa = PBXFileReference; fileEncoding = 4; lastKnownFileType = sourcecode.swift; path = StringFormatter.swift; sourceTree = "<group>"; };
		62FC6EA41BDF72F60071E1B1 /* Images.xcassets */ = {isa = PBXFileReference; lastKnownFileType = folder.assetcatalog; path = Images.xcassets; sourceTree = "<group>"; };
		62FC6EA71BDF73260071E1B1 /* welcome_1.jpg */ = {isa = PBXFileReference; lastKnownFileType = image.jpeg; path = welcome_1.jpg; sourceTree = "<group>"; };
		62FC6EA81BDF73260071E1B1 /* welcome_2.jpg */ = {isa = PBXFileReference; lastKnownFileType = image.jpeg; path = welcome_2.jpg; sourceTree = "<group>"; };
		62FC6EA91BDF73260071E1B1 /* welcome_3.jpg */ = {isa = PBXFileReference; lastKnownFileType = image.jpeg; path = welcome_3.jpg; sourceTree = "<group>"; };
		62FC6EAA1BDF73260071E1B1 /* bg_payment.jpg */ = {isa = PBXFileReference; lastKnownFileType = image.jpeg; path = bg_payment.jpg; sourceTree = "<group>"; };
		62FC6EAB1BDF73260071E1B1 /* bg_orderhistory_top.jpg */ = {isa = PBXFileReference; lastKnownFileType = image.jpeg; path = bg_orderhistory_top.jpg; sourceTree = "<group>"; };
		62FC6EAC1BDF73260071E1B1 /* bg_join_detail.jpg */ = {isa = PBXFileReference; lastKnownFileType = image.jpeg; path = bg_join_detail.jpg; sourceTree = "<group>"; };
		62FC6EAD1BDF73260071E1B1 /* bg_join.jpg */ = {isa = PBXFileReference; lastKnownFileType = image.jpeg; path = bg_join.jpg; sourceTree = "<group>"; };
		62FDC37B1BDFAB820072BBCE /* BEONE-Bridging-Header.h */ = {isa = PBXFileReference; lastKnownFileType = sourcecode.c.h; path = "BEONE-Bridging-Header.h"; sourceTree = "<group>"; };
		62FDC3811BDFB8380072BBCE /* KakaoOpenSDK.framework */ = {isa = PBXFileReference; lastKnownFileType = wrapper.framework; path = KakaoOpenSDK.framework; sourceTree = "<group>"; };
		62FDC3831BDFC0770072BBCE /* SignUpViewController.swift */ = {isa = PBXFileReference; fileEncoding = 4; lastKnownFileType = sourcecode.swift; path = SignUpViewController.swift; sourceTree = "<group>"; };
		62FDC3861BDFC0F30072BBCE /* UIFloatLabelTextField.h */ = {isa = PBXFileReference; fileEncoding = 4; lastKnownFileType = sourcecode.c.h; path = UIFloatLabelTextField.h; sourceTree = "<group>"; };
		62FDC3871BDFC0F30072BBCE /* UIFloatLabelTextField.m */ = {isa = PBXFileReference; fileEncoding = 4; lastKnownFileType = sourcecode.c.objc; path = UIFloatLabelTextField.m; sourceTree = "<group>"; };
		62FDC3891BDFC1780072BBCE /* DesignResource.swift */ = {isa = PBXFileReference; fileEncoding = 4; lastKnownFileType = sourcecode.swift; path = DesignResource.swift; sourceTree = "<group>"; };
/* End PBXFileReference section */

/* Begin PBXFrameworksBuildPhase section */
		62E5CF071BDDE19100A99F4C /* Frameworks */ = {
			isa = PBXFrameworksBuildPhase;
			buildActionMask = 2147483647;
			files = (
				ECEBF497FC79F916A2DD9E6F /* Pods_BEONE.framework in Frameworks */,
				62FDC3821BDFB8380072BBCE /* KakaoOpenSDK.framework in Frameworks */,
				62FC6E9D1BDF53210071E1B1 /* FBSDKCoreKit.framework in Frameworks */,
				62FC6E9F1BDF55240071E1B1 /* FBSDKLoginKit.framework in Frameworks */,
			);
			runOnlyForDeploymentPostprocessing = 0;
		};
		62E5CF1D1BDDE19100A99F4C /* Frameworks */ = {
			isa = PBXFrameworksBuildPhase;
			buildActionMask = 2147483647;
			files = (
			);
			runOnlyForDeploymentPostprocessing = 0;
		};
/* End PBXFrameworksBuildPhase section */

/* Begin PBXGroup section */
		11CE2D280E347485354658BD /* Frameworks */ = {
			isa = PBXGroup;
			children = (
				62FDC3811BDFB8380072BBCE /* KakaoOpenSDK.framework */,
				62FC6E9E1BDF55240071E1B1 /* FBSDKLoginKit.framework */,
				62FC6E9C1BDF53210071E1B1 /* FBSDKCoreKit.framework */,
				4F1038EC9624A56E3E9D407B /* Pods_BEONE.framework */,
			);
			name = Frameworks;
			sourceTree = "<group>";
		};
		62E5CF011BDDE19100A99F4C = {
			isa = PBXGroup;
			children = (
				62E5CF0C1BDDE19100A99F4C /* BEONE */,
				62E5CF231BDDE19100A99F4C /* BEONETests */,
				62E5CF0B1BDDE19100A99F4C /* Products */,
				88D4EECDACA8F87D33D48419 /* Pods */,
				11CE2D280E347485354658BD /* Frameworks */,
			);
			sourceTree = "<group>";
		};
		62E5CF0B1BDDE19100A99F4C /* Products */ = {
			isa = PBXGroup;
			children = (
				62E5CF0A1BDDE19100A99F4C /* BEONE.app */,
				62E5CF201BDDE19100A99F4C /* BEONETests.xctest */,
			);
			name = Products;
			sourceTree = "<group>";
		};
		62E5CF0C1BDDE19100A99F4C /* BEONE */ = {
			isa = PBXGroup;
			children = (
				62FDC3851BDFC0E40072BBCE /* Vendor */,
				62FC6EA61BDF73150071E1B1 /* Resources */,
				62E5CF351BDDEBA100A99F4C /* Storyboard */,
				62E5CF331BDDEB8800A99F4C /* Util */,
				62E5CF321BDDEB7D00A99F4C /* View */,
				62E5CF2F1BDDEB4C00A99F4C /* Model */,
				62E5CF311BDDEB6D00A99F4C /* ViewController */,
				62E5CF301BDDEB5A00A99F4C /* Supporting Files */,
			);
			path = BEONE;
			sourceTree = "<group>";
		};
		62E5CF231BDDE19100A99F4C /* BEONETests */ = {
			isa = PBXGroup;
			children = (
				62E5CF241BDDE19100A99F4C /* BEONETests.swift */,
				62E5CF261BDDE19100A99F4C /* Info.plist */,
			);
			path = BEONETests;
			sourceTree = "<group>";
		};
		62E5CF2F1BDDEB4C00A99F4C /* Model */ = {
			isa = PBXGroup;
			children = (
				62E5CF3D1BDDFF3F00A99F4C /* Model.xcdatamodeld */,
				62E5CF401BDE0CBC00A99F4C /* MyInfo+CoreDataProperties.swift */,
				62E5CF411BDE0CBC00A99F4C /* MyInfo.swift */,
			);
			name = Model;
			sourceTree = "<group>";
		};
		62E5CF301BDDEB5A00A99F4C /* Supporting Files */ = {
			isa = PBXGroup;
			children = (
				62FDC37B1BDFAB820072BBCE /* BEONE-Bridging-Header.h */,
				62FC6EA41BDF72F60071E1B1 /* Images.xcassets */,
				62E5CF0D1BDDE19100A99F4C /* AppDelegate.swift */,
				62E5CF1B1BDDE19100A99F4C /* Info.plist */,
				62FC6E981BDF4FF50071E1B1 /* Localizable.strings */,
			);
			name = "Supporting Files";
			sourceTree = "<group>";
		};
		62E5CF311BDDEB6D00A99F4C /* ViewController */ = {
			isa = PBXGroup;
			children = (
				62FC6E951BDF43CB0071E1B1 /* Signing */,
				62E5CF0F1BDDE19100A99F4C /* FirstViewController.swift */,
				62E5CF111BDDE19100A99F4C /* SecondViewController.swift */,
				62FC6E911BDF40AC0071E1B1 /* BaseViewController.swift */,
			);
			name = ViewController;
			sourceTree = "<group>";
		};
		62E5CF321BDDEB7D00A99F4C /* View */ = {
			isa = PBXGroup;
			children = (
				62FA80501BDFE3CA00C016C3 /* LoadingView.swift */,
			);
			name = View;
			sourceTree = "<group>";
		};
		62E5CF331BDDEB8800A99F4C /* Util */ = {
			isa = PBXGroup;
			children = (
				62E5CF461BDE108F00A99F4C /* CoreData */,
				62E5CF3A1BDDFE5700A99F4C /* Network */,
				62E5CF471BDE21C100A99F4C /* AuthenticationHelper.swift */,
				62FC6E961BDF47160071E1B1 /* ViewControllerHelper.swift */,
				62FC6EA21BDF69370071E1B1 /* StringFormatter.swift */,
				62FDC3891BDFC1780072BBCE /* DesignResource.swift */,
			);
			name = Util;
			sourceTree = "<group>";
		};
		62E5CF351BDDEBA100A99F4C /* Storyboard */ = {
			isa = PBXGroup;
			children = (
				62FC6E8D1BDF3FD70071E1B1 /* Signing.storyboard */,
				62E5CF131BDDE19100A99F4C /* Main.storyboard */,
				62E5CF181BDDE19100A99F4C /* LaunchScreen.storyboard */,
			);
			name = Storyboard;
			sourceTree = "<group>";
		};
		62E5CF3A1BDDFE5700A99F4C /* Network */ = {
			isa = PBXGroup;
			children = (
				62E5CF361BDDEE7100A99F4C /* NetworkHelper.swift */,
				62E5CF371BDDEE7100A99F4C /* NetworkError.swift */,
			);
			name = Network;
			sourceTree = "<group>";
		};
		62E5CF461BDE108F00A99F4C /* CoreData */ = {
			isa = PBXGroup;
			children = (
				62E5CF441BDE108900A99F4C /* CoreDataHelper.swift */,
			);
			name = CoreData;
			sourceTree = "<group>";
		};
		62FC6E951BDF43CB0071E1B1 /* Signing */ = {
			isa = PBXGroup;
			children = (
				62FC6E931BDF41550071E1B1 /* SigningViewController.swift */,
				62FC6EA01BDF5E200071E1B1 /* SnsSignUpViewController.swift */,
				62FDC3831BDFC0770072BBCE /* SignUpViewController.swift */,
				62FA804E1BDFE0C000C016C3 /* SignInViewController.swift */,
			);
			name = Signing;
			sourceTree = "<group>";
		};
		62FC6EA61BDF73150071E1B1 /* Resources */ = {
			isa = PBXGroup;
			children = (
				62FC6EA71BDF73260071E1B1 /* welcome_1.jpg */,
				62FC6EA81BDF73260071E1B1 /* welcome_2.jpg */,
				62FC6EA91BDF73260071E1B1 /* welcome_3.jpg */,
				62FC6EAA1BDF73260071E1B1 /* bg_payment.jpg */,
				62FC6EAB1BDF73260071E1B1 /* bg_orderhistory_top.jpg */,
				62FC6EAC1BDF73260071E1B1 /* bg_join_detail.jpg */,
				62FC6EAD1BDF73260071E1B1 /* bg_join.jpg */,
			);
			name = Resources;
			sourceTree = "<group>";
		};
		62FDC3851BDFC0E40072BBCE /* Vendor */ = {
			isa = PBXGroup;
			children = (
				62FDC3861BDFC0F30072BBCE /* UIFloatLabelTextField.h */,
				62FDC3871BDFC0F30072BBCE /* UIFloatLabelTextField.m */,
			);
			name = Vendor;
			sourceTree = "<group>";
		};
		88D4EECDACA8F87D33D48419 /* Pods */ = {
			isa = PBXGroup;
			children = (
				04FC2C834CC415EBBA82B36E /* Pods-BEONE.debug.xcconfig */,
				3AA36593DD13744C71A2C68B /* Pods-BEONE.release.xcconfig */,
			);
			name = Pods;
			sourceTree = "<group>";
		};
/* End PBXGroup section */

/* Begin PBXNativeTarget section */
		62E5CF091BDDE19100A99F4C /* BEONE */ = {
			isa = PBXNativeTarget;
			buildConfigurationList = 62E5CF291BDDE19100A99F4C /* Build configuration list for PBXNativeTarget "BEONE" */;
			buildPhases = (
				85A17C78E1DF5ED67B92DDC4 /* Check Pods Manifest.lock */,
				62E5CF061BDDE19100A99F4C /* Sources */,
				62E5CF071BDDE19100A99F4C /* Frameworks */,
				62E5CF081BDDE19100A99F4C /* Resources */,
				681DEB221A9F897767D79348 /* Embed Pods Frameworks */,
				A08352FD4C1B5D1C3DCF2930 /* Copy Pods Resources */,
			);
			buildRules = (
			);
			dependencies = (
			);
			name = BEONE;
			productName = BEONE;
			productReference = 62E5CF0A1BDDE19100A99F4C /* BEONE.app */;
			productType = "com.apple.product-type.application";
		};
		62E5CF1F1BDDE19100A99F4C /* BEONETests */ = {
			isa = PBXNativeTarget;
			buildConfigurationList = 62E5CF2C1BDDE19100A99F4C /* Build configuration list for PBXNativeTarget "BEONETests" */;
			buildPhases = (
				62E5CF1C1BDDE19100A99F4C /* Sources */,
				62E5CF1D1BDDE19100A99F4C /* Frameworks */,
				62E5CF1E1BDDE19100A99F4C /* Resources */,
			);
			buildRules = (
			);
			dependencies = (
				62E5CF221BDDE19100A99F4C /* PBXTargetDependency */,
			);
			name = BEONETests;
			productName = BEONETests;
			productReference = 62E5CF201BDDE19100A99F4C /* BEONETests.xctest */;
			productType = "com.apple.product-type.bundle.unit-test";
		};
/* End PBXNativeTarget section */

/* Begin PBXProject section */
		62E5CF021BDDE19100A99F4C /* Project object */ = {
			isa = PBXProject;
			attributes = {
				LastSwiftUpdateCheck = 0700;
				LastUpgradeCheck = 0700;
				ORGANIZATIONNAME = "효정 김";
				TargetAttributes = {
					62E5CF091BDDE19100A99F4C = {
						CreatedOnToolsVersion = 7.0.1;
					};
					62E5CF1F1BDDE19100A99F4C = {
						CreatedOnToolsVersion = 7.0.1;
						TestTargetID = 62E5CF091BDDE19100A99F4C;
					};
				};
			};
			buildConfigurationList = 62E5CF051BDDE19100A99F4C /* Build configuration list for PBXProject "BEONE" */;
			compatibilityVersion = "Xcode 3.2";
			developmentRegion = English;
			hasScannedForEncodings = 0;
			knownRegions = (
				en,
				Base,
			);
			mainGroup = 62E5CF011BDDE19100A99F4C;
			productRefGroup = 62E5CF0B1BDDE19100A99F4C /* Products */;
			projectDirPath = "";
			projectRoot = "";
			targets = (
				62E5CF091BDDE19100A99F4C /* BEONE */,
				62E5CF1F1BDDE19100A99F4C /* BEONETests */,
			);
		};
/* End PBXProject section */

/* Begin PBXResourcesBuildPhase section */
		62E5CF081BDDE19100A99F4C /* Resources */ = {
			isa = PBXResourcesBuildPhase;
			buildActionMask = 2147483647;
			files = (
				62FC6E991BDF4FF50071E1B1 /* Localizable.strings in Resources */,
				62FC6EA51BDF72F60071E1B1 /* Images.xcassets in Resources */,
				62FC6EB01BDF73260071E1B1 /* welcome_3.jpg in Resources */,
				62FC6EAE1BDF73260071E1B1 /* welcome_1.jpg in Resources */,
				62FC6EB31BDF73260071E1B1 /* bg_join_detail.jpg in Resources */,
				62FC6EB11BDF73260071E1B1 /* bg_payment.jpg in Resources */,
				62FC6EB41BDF73260071E1B1 /* bg_join.jpg in Resources */,
				62FC6E8E1BDF3FD70071E1B1 /* Signing.storyboard in Resources */,
				62FC6EB21BDF73260071E1B1 /* bg_orderhistory_top.jpg in Resources */,
				62E5CF1A1BDDE19100A99F4C /* LaunchScreen.storyboard in Resources */,
				62E5CF151BDDE19100A99F4C /* Main.storyboard in Resources */,
				62FC6EAF1BDF73260071E1B1 /* welcome_2.jpg in Resources */,
			);
			runOnlyForDeploymentPostprocessing = 0;
		};
		62E5CF1E1BDDE19100A99F4C /* Resources */ = {
			isa = PBXResourcesBuildPhase;
			buildActionMask = 2147483647;
			files = (
			);
			runOnlyForDeploymentPostprocessing = 0;
		};
/* End PBXResourcesBuildPhase section */

/* Begin PBXShellScriptBuildPhase section */
		681DEB221A9F897767D79348 /* Embed Pods Frameworks */ = {
			isa = PBXShellScriptBuildPhase;
			buildActionMask = 2147483647;
			files = (
			);
			inputPaths = (
			);
			name = "Embed Pods Frameworks";
			outputPaths = (
			);
			runOnlyForDeploymentPostprocessing = 0;
			shellPath = /bin/sh;
			shellScript = "\"${SRCROOT}/Pods/Target Support Files/Pods-BEONE/Pods-BEONE-frameworks.sh\"\n";
			showEnvVarsInLog = 0;
		};
		85A17C78E1DF5ED67B92DDC4 /* Check Pods Manifest.lock */ = {
			isa = PBXShellScriptBuildPhase;
			buildActionMask = 2147483647;
			files = (
			);
			inputPaths = (
			);
			name = "Check Pods Manifest.lock";
			outputPaths = (
			);
			runOnlyForDeploymentPostprocessing = 0;
			shellPath = /bin/sh;
			shellScript = "diff \"${PODS_ROOT}/../Podfile.lock\" \"${PODS_ROOT}/Manifest.lock\" > /dev/null\nif [[ $? != 0 ]] ; then\n    cat << EOM\nerror: The sandbox is not in sync with the Podfile.lock. Run 'pod install' or update your CocoaPods installation.\nEOM\n    exit 1\nfi\n";
			showEnvVarsInLog = 0;
		};
		A08352FD4C1B5D1C3DCF2930 /* Copy Pods Resources */ = {
			isa = PBXShellScriptBuildPhase;
			buildActionMask = 2147483647;
			files = (
			);
			inputPaths = (
			);
			name = "Copy Pods Resources";
			outputPaths = (
			);
			runOnlyForDeploymentPostprocessing = 0;
			shellPath = /bin/sh;
			shellScript = "\"${SRCROOT}/Pods/Target Support Files/Pods-BEONE/Pods-BEONE-resources.sh\"\n";
			showEnvVarsInLog = 0;
		};
/* End PBXShellScriptBuildPhase section */

/* Begin PBXSourcesBuildPhase section */
		62E5CF061BDDE19100A99F4C /* Sources */ = {
			isa = PBXSourcesBuildPhase;
			buildActionMask = 2147483647;
			files = (
				62FC6E941BDF41550071E1B1 /* SigningViewController.swift in Sources */,
				62E5CF381BDDEE7100A99F4C /* NetworkHelper.swift in Sources */,
				62E5CF481BDE21C100A99F4C /* AuthenticationHelper.swift in Sources */,
				62FC6E921BDF40AC0071E1B1 /* BaseViewController.swift in Sources */,
				62E5CF431BDE0CBC00A99F4C /* MyInfo.swift in Sources */,
				62E5CF121BDDE19100A99F4C /* SecondViewController.swift in Sources */,
				62FC6EA31BDF69370071E1B1 /* StringFormatter.swift in Sources */,
				62E5CF0E1BDDE19100A99F4C /* AppDelegate.swift in Sources */,
				62E5CF451BDE108900A99F4C /* CoreDataHelper.swift in Sources */,
				62FA804F1BDFE0C000C016C3 /* SignInViewController.swift in Sources */,
				62E5CF3F1BDDFF3F00A99F4C /* Model.xcdatamodeld in Sources */,
				62FDC3841BDFC0770072BBCE /* SignUpViewController.swift in Sources */,
				62FC6EA11BDF5E200071E1B1 /* SnsSignUpViewController.swift in Sources */,
				62FA80511BDFE3CA00C016C3 /* LoadingView.swift in Sources */,
				62E5CF101BDDE19100A99F4C /* FirstViewController.swift in Sources */,
				62FC6E971BDF47160071E1B1 /* ViewControllerHelper.swift in Sources */,
				62E5CF391BDDEE7100A99F4C /* NetworkError.swift in Sources */,
				62FDC38A1BDFC1780072BBCE /* DesignResource.swift in Sources */,
				62FDC3881BDFC0F30072BBCE /* UIFloatLabelTextField.m in Sources */,
				62E5CF421BDE0CBC00A99F4C /* MyInfo+CoreDataProperties.swift in Sources */,
			);
			runOnlyForDeploymentPostprocessing = 0;
		};
		62E5CF1C1BDDE19100A99F4C /* Sources */ = {
			isa = PBXSourcesBuildPhase;
			buildActionMask = 2147483647;
			files = (
				62E5CF251BDDE19100A99F4C /* BEONETests.swift in Sources */,
			);
			runOnlyForDeploymentPostprocessing = 0;
		};
/* End PBXSourcesBuildPhase section */

/* Begin PBXTargetDependency section */
		62E5CF221BDDE19100A99F4C /* PBXTargetDependency */ = {
			isa = PBXTargetDependency;
			target = 62E5CF091BDDE19100A99F4C /* BEONE */;
			targetProxy = 62E5CF211BDDE19100A99F4C /* PBXContainerItemProxy */;
		};
/* End PBXTargetDependency section */

/* Begin PBXVariantGroup section */
		62E5CF131BDDE19100A99F4C /* Main.storyboard */ = {
			isa = PBXVariantGroup;
			children = (
				62E5CF141BDDE19100A99F4C /* Base */,
			);
			name = Main.storyboard;
			sourceTree = "<group>";
		};
		62E5CF181BDDE19100A99F4C /* LaunchScreen.storyboard */ = {
			isa = PBXVariantGroup;
			children = (
				62E5CF191BDDE19100A99F4C /* Base */,
			);
			name = LaunchScreen.storyboard;
			sourceTree = "<group>";
		};
/* End PBXVariantGroup section */

/* Begin XCBuildConfiguration section */
		62E5CF271BDDE19100A99F4C /* Debug */ = {
			isa = XCBuildConfiguration;
			buildSettings = {
				ALWAYS_SEARCH_USER_PATHS = NO;
				CLANG_CXX_LANGUAGE_STANDARD = "gnu++0x";
				CLANG_CXX_LIBRARY = "libc++";
				CLANG_ENABLE_MODULES = YES;
				CLANG_ENABLE_OBJC_ARC = YES;
				CLANG_WARN_BOOL_CONVERSION = YES;
				CLANG_WARN_CONSTANT_CONVERSION = YES;
				CLANG_WARN_DIRECT_OBJC_ISA_USAGE = YES_ERROR;
				CLANG_WARN_EMPTY_BODY = YES;
				CLANG_WARN_ENUM_CONVERSION = YES;
				CLANG_WARN_INT_CONVERSION = YES;
				CLANG_WARN_OBJC_ROOT_CLASS = YES_ERROR;
				CLANG_WARN_UNREACHABLE_CODE = YES;
				CLANG_WARN__DUPLICATE_METHOD_MATCH = YES;
				"CODE_SIGN_IDENTITY[sdk=iphoneos*]" = "iPhone Developer";
				COPY_PHASE_STRIP = NO;
				DEBUG_INFORMATION_FORMAT = dwarf;
				ENABLE_STRICT_OBJC_MSGSEND = YES;
				ENABLE_TESTABILITY = YES;
				GCC_C_LANGUAGE_STANDARD = gnu99;
				GCC_DYNAMIC_NO_PIC = NO;
				GCC_NO_COMMON_BLOCKS = YES;
				GCC_OPTIMIZATION_LEVEL = 0;
				GCC_PREPROCESSOR_DEFINITIONS = (
					"DEBUG=1",
					"$(inherited)",
				);
				GCC_WARN_64_TO_32_BIT_CONVERSION = YES;
				GCC_WARN_ABOUT_RETURN_TYPE = YES_ERROR;
				GCC_WARN_UNDECLARED_SELECTOR = YES;
				GCC_WARN_UNINITIALIZED_AUTOS = YES_AGGRESSIVE;
				GCC_WARN_UNUSED_FUNCTION = YES;
				GCC_WARN_UNUSED_VARIABLE = YES;
				IPHONEOS_DEPLOYMENT_TARGET = 8.0;
				MTL_ENABLE_DEBUG_INFO = YES;
				ONLY_ACTIVE_ARCH = YES;
				SDKROOT = iphoneos;
				SWIFT_OPTIMIZATION_LEVEL = "-Onone";
			};
			name = Debug;
		};
		62E5CF281BDDE19100A99F4C /* Release */ = {
			isa = XCBuildConfiguration;
			buildSettings = {
				ALWAYS_SEARCH_USER_PATHS = NO;
				CLANG_CXX_LANGUAGE_STANDARD = "gnu++0x";
				CLANG_CXX_LIBRARY = "libc++";
				CLANG_ENABLE_MODULES = YES;
				CLANG_ENABLE_OBJC_ARC = YES;
				CLANG_WARN_BOOL_CONVERSION = YES;
				CLANG_WARN_CONSTANT_CONVERSION = YES;
				CLANG_WARN_DIRECT_OBJC_ISA_USAGE = YES_ERROR;
				CLANG_WARN_EMPTY_BODY = YES;
				CLANG_WARN_ENUM_CONVERSION = YES;
				CLANG_WARN_INT_CONVERSION = YES;
				CLANG_WARN_OBJC_ROOT_CLASS = YES_ERROR;
				CLANG_WARN_UNREACHABLE_CODE = YES;
				CLANG_WARN__DUPLICATE_METHOD_MATCH = YES;
				"CODE_SIGN_IDENTITY[sdk=iphoneos*]" = "iPhone Developer";
				COPY_PHASE_STRIP = NO;
				DEBUG_INFORMATION_FORMAT = "dwarf-with-dsym";
				ENABLE_NS_ASSERTIONS = NO;
				ENABLE_STRICT_OBJC_MSGSEND = YES;
				GCC_C_LANGUAGE_STANDARD = gnu99;
				GCC_NO_COMMON_BLOCKS = YES;
				GCC_WARN_64_TO_32_BIT_CONVERSION = YES;
				GCC_WARN_ABOUT_RETURN_TYPE = YES_ERROR;
				GCC_WARN_UNDECLARED_SELECTOR = YES;
				GCC_WARN_UNINITIALIZED_AUTOS = YES_AGGRESSIVE;
				GCC_WARN_UNUSED_FUNCTION = YES;
				GCC_WARN_UNUSED_VARIABLE = YES;
				IPHONEOS_DEPLOYMENT_TARGET = 8.0;
				MTL_ENABLE_DEBUG_INFO = NO;
				SDKROOT = iphoneos;
				VALIDATE_PRODUCT = YES;
			};
			name = Release;
		};
		62E5CF2A1BDDE19100A99F4C /* Debug */ = {
			isa = XCBuildConfiguration;
			baseConfigurationReference = 04FC2C834CC415EBBA82B36E /* Pods-BEONE.debug.xcconfig */;
			buildSettings = {
				ASSETCATALOG_COMPILER_APPICON_NAME = AppIcon;
				CLANG_ENABLE_MODULES = YES;
				CODE_SIGN_IDENTITY = "iPhone Developer";
				FRAMEWORK_SEARCH_PATHS = (
					"$(inherited)",
					"$(PROJECT_DIR)",
				);
				INFOPLIST_FILE = BEONE/Info.plist;
				LD_RUNPATH_SEARCH_PATHS = "$(inherited) @executable_path/Frameworks";
				OTHER_LDFLAGS = (
					"$(inherited)",
					"-framework",
					"\"AFNetworking\"",
					"-all_load",
				);
				PRODUCT_BUNDLE_IDENTIFIER = kr.beone.BEONE;
				PRODUCT_NAME = "$(TARGET_NAME)";
				SWIFT_OBJC_BRIDGING_HEADER = "BEONE/BEONE-Bridging-Header.h";
				SWIFT_OPTIMIZATION_LEVEL = "-Onone";
			};
			name = Debug;
		};
		62E5CF2B1BDDE19100A99F4C /* Release */ = {
			isa = XCBuildConfiguration;
			baseConfigurationReference = 3AA36593DD13744C71A2C68B /* Pods-BEONE.release.xcconfig */;
			buildSettings = {
				ASSETCATALOG_COMPILER_APPICON_NAME = AppIcon;
				CLANG_ENABLE_MODULES = YES;
				CODE_SIGN_IDENTITY = "iPhone Distribution";
				FRAMEWORK_SEARCH_PATHS = (
					"$(inherited)",
					"$(PROJECT_DIR)",
				);
				INFOPLIST_FILE = BEONE/Info.plist;
				LD_RUNPATH_SEARCH_PATHS = "$(inherited) @executable_path/Frameworks";
				OTHER_LDFLAGS = (
					"$(inherited)",
					"-framework",
					"\"AFNetworking\"",
					"-all_load",
				);
				PRODUCT_BUNDLE_IDENTIFIER = kr.beone.BEONE;
				PRODUCT_NAME = "$(TARGET_NAME)";
				SWIFT_OBJC_BRIDGING_HEADER = "BEONE/BEONE-Bridging-Header.h";
			};
			name = Release;
		};
		62E5CF2D1BDDE19100A99F4C /* Debug */ = {
			isa = XCBuildConfiguration;
			buildSettings = {
				BUNDLE_LOADER = "$(TEST_HOST)";
				INFOPLIST_FILE = BEONETests/Info.plist;
				LD_RUNPATH_SEARCH_PATHS = "$(inherited) @executable_path/Frameworks @loader_path/Frameworks";
				PRODUCT_BUNDLE_IDENTIFIER = kr.beone.BEONETests;
				PRODUCT_NAME = "$(TARGET_NAME)";
				TEST_HOST = "$(BUILT_PRODUCTS_DIR)/BEONE.app/BEONE";
			};
			name = Debug;
		};
		62E5CF2E1BDDE19100A99F4C /* Release */ = {
			isa = XCBuildConfiguration;
			buildSettings = {
				BUNDLE_LOADER = "$(TEST_HOST)";
				INFOPLIST_FILE = BEONETests/Info.plist;
				LD_RUNPATH_SEARCH_PATHS = "$(inherited) @executable_path/Frameworks @loader_path/Frameworks";
				PRODUCT_BUNDLE_IDENTIFIER = kr.beone.BEONETests;
				PRODUCT_NAME = "$(TARGET_NAME)";
				TEST_HOST = "$(BUILT_PRODUCTS_DIR)/BEONE.app/BEONE";
			};
			name = Release;
		};
/* End XCBuildConfiguration section */

/* Begin XCConfigurationList section */
		62E5CF051BDDE19100A99F4C /* Build configuration list for PBXProject "BEONE" */ = {
			isa = XCConfigurationList;
			buildConfigurations = (
				62E5CF271BDDE19100A99F4C /* Debug */,
				62E5CF281BDDE19100A99F4C /* Release */,
			);
			defaultConfigurationIsVisible = 0;
			defaultConfigurationName = Release;
		};
		62E5CF291BDDE19100A99F4C /* Build configuration list for PBXNativeTarget "BEONE" */ = {
			isa = XCConfigurationList;
			buildConfigurations = (
				62E5CF2A1BDDE19100A99F4C /* Debug */,
				62E5CF2B1BDDE19100A99F4C /* Release */,
			);
			defaultConfigurationIsVisible = 0;
			defaultConfigurationName = Release;
		};
		62E5CF2C1BDDE19100A99F4C /* Build configuration list for PBXNativeTarget "BEONETests" */ = {
			isa = XCConfigurationList;
			buildConfigurations = (
				62E5CF2D1BDDE19100A99F4C /* Debug */,
				62E5CF2E1BDDE19100A99F4C /* Release */,
			);
			defaultConfigurationIsVisible = 0;
			defaultConfigurationName = Release;
		};
/* End XCConfigurationList section */

/* Begin XCVersionGroup section */
		62E5CF3D1BDDFF3F00A99F4C /* Model.xcdatamodeld */ = {
			isa = XCVersionGroup;
			children = (
				62E5CF3E1BDDFF3F00A99F4C /* Model.xcdatamodel */,
			);
			currentVersion = 62E5CF3E1BDDFF3F00A99F4C /* Model.xcdatamodel */;
			path = Model.xcdatamodeld;
			sourceTree = "<group>";
			versionGroupType = wrapper.xcdatamodel;
		};
/* End XCVersionGroup section */
	};
	rootObject = 62E5CF021BDDE19100A99F4C /* Project object */;
}
